<?xml version="1.0" encoding="utf-8"?>
<Project ToolsVersion="4.0" xmlns="http://schemas.microsoft.com/developer/msbuild/2003">
  <ItemGroup>
    <ClCompile Include="Main.cpp" />
    <ClCompile Include="Actor.cpp">
      <Filter>Actors/Objects</Filter>
    </ClCompile>
    <ClCompile Include="DefaultTestLevel.cpp">
      <Filter>Scenes/Levels</Filter>
    </ClCompile>
    <ClCompile Include="Object.cpp">
      <Filter>Actors/Objects</Filter>
    </ClCompile>
    <ClCompile Include="SSSSTestLevel.cpp">
      <Filter>Scenes/Levels</Filter>
    </ClCompile>
    <ClCompile Include="Scene.cpp">
      <Filter>Scenes/Levels</Filter>
    </ClCompile>
    <ClCompile Include="ObjMesh.cpp">
      <Filter>Actors/Objects\ModelLoader</Filter>
    </ClCompile>
    <ClCompile Include="ObjModelLoader.cpp">
      <Filter>Actors/Objects\ModelLoader</Filter>
    </ClCompile>
    <ClCompile Include="ModelLoader.cpp">
      <Filter>Actors/Objects\ModelLoader</Filter>
    </ClCompile>
    <ClCompile Include="Light.cpp">
      <Filter>Actors/Objects\Lights</Filter>
    </ClCompile>
    <ClCompile Include="Quad.cpp">
      <Filter>Actors/Objects\Predefined Objects</Filter>
    </ClCompile>
    <ClCompile Include="Sphere.cpp">
      <Filter>Actors/Objects\Predefined Objects</Filter>
    </ClCompile>
    <ClCompile Include="ShaderProgram.cpp">
      <Filter>RenderResources\ShaderManagement</Filter>
    </ClCompile>
    <ClCompile Include="FrameBuffer.cpp">
      <Filter>RenderResources</Filter>
    </ClCompile>
    <ClCompile Include="BoundingBox.cpp">
      <Filter>Actors/Objects\Bounding Box</Filter>
    </ClCompile>
    <ClCompile Include="Viewer.cpp">
      <Filter>Viewer</Filter>
    </ClCompile>
    <ClCompile Include="Camera.cpp">
      <Filter>Viewer</Filter>
    </ClCompile>
    <ClCompile Include="ViewerState.cpp">
      <Filter>Viewer</Filter>
    </ClCompile>
  </ItemGroup>
  <ItemGroup>
    <ClInclude Include="Actor.h">
      <Filter>Actors/Objects</Filter>
    </ClInclude>
    <ClInclude Include="DefaultTestLevel.h">
      <Filter>Scenes/Levels</Filter>
    </ClInclude>
    <ClInclude Include="Object.h">
      <Filter>Actors/Objects</Filter>
    </ClInclude>
    <ClInclude Include="SSSSTestLevel.h">
      <Filter>Scenes/Levels</Filter>
    </ClInclude>
    <ClInclude Include="Scene.h">
      <Filter>Scenes/Levels</Filter>
    </ClInclude>
    <ClInclude Include="Material.h">
      <Filter>RenderResources</Filter>
    </ClInclude>
    <ClInclude Include="ObjMesh.h">
      <Filter>Actors/Objects\ModelLoader</Filter>
    </ClInclude>
    <ClInclude Include="ObjModelLoader.h">
      <Filter>Actors/Objects\ModelLoader</Filter>
    </ClInclude>
    <ClInclude Include="ModelLoader.h">
      <Filter>Actors/Objects\ModelLoader</Filter>
    </ClInclude>
    <ClInclude Include="Light.h">
      <Filter>Actors/Objects\Lights</Filter>
    </ClInclude>
    <ClInclude Include="Sphere.h">
      <Filter>Actors/Objects\Predefined Objects</Filter>
    </ClInclude>
    <ClInclude Include="Quad.h">
      <Filter>Actors/Objects\Predefined Objects</Filter>
    </ClInclude>
    <ClInclude Include="SeparableSSS.h">
      <Filter>RenderResources\RenderTechniques</Filter>
    </ClInclude>
    <ClInclude Include="ShaderProgram.h">
      <Filter>RenderResources\ShaderManagement</Filter>
    </ClInclude>
    <ClInclude Include="FrameBuffer.h">
      <Filter>RenderResources</Filter>
    </ClInclude>
    <ClInclude Include="Types.h" />
    <ClInclude Include="BoundingBox.h">
      <Filter>Actors/Objects\Bounding Box</Filter>
    </ClInclude>
    <ClInclude Include="Viewer.h">
      <Filter>Viewer</Filter>
    </ClInclude>
    <ClInclude Include="Camera.h">
      <Filter>Viewer</Filter>
    </ClInclude>
    <ClInclude Include="ViewerState.h">
      <Filter>Viewer</Filter>
    </ClInclude>
  </ItemGroup>
  <ItemGroup>
    <None Include="BlinnPhong.fg">
      <Filter>Shaders\RenderingPass</Filter>
    </None>
    <None Include="BlinnPhong.vs">
      <Filter>Shaders\RenderingPass</Filter>
    </None>
    <None Include="hdr.fg">
      <Filter>Shaders\PostProcesses</Filter>
    </None>
    <None Include="SSS.fg">
      <Filter>Shaders\PostProcesses</Filter>
    </None>
    <None Include="BumpColorMaps.fg">
      <Filter>Shaders\RenderingPass</Filter>
    </None>
    <None Include="BumpColorMaps.vs">
      <Filter>Shaders\RenderingPass</Filter>
    </None>
    <None Include="GammaCorrect.fg">
      <Filter>Shaders\PostProcesses</Filter>
    </None>
    <None Include="basicPPVS.vs">
      <Filter>Shaders\PostProcesses</Filter>
    </None>
    <None Include="GaussianBlur.fg">
      <Filter>Shaders\PostProcesses</Filter>
    </None>
    <None Include="AdditiveBlending.fg">
      <Filter>Shaders\PostProcesses</Filter>
    </None>
    <None Include="BloomHDR.fg">
      <Filter>Shaders\PostProcesses</Filter>
    </None>
    <None Include="Debug.vs">
      <Filter>Shaders\RenderingPass</Filter>
    </None>
    <None Include="Debug.fg">
      <Filter>Shaders\RenderingPass</Filter>
    </None>
  </ItemGroup>
  <ItemGroup>
    <Filter Include="Actors/Objects">
      <UniqueIdentifier>{f9340b3d-1400-4728-a226-ab5be199fe77}</UniqueIdentifier>
    </Filter>
    <Filter Include="Scenes/Levels">
      <UniqueIdentifier>{b140370d-6b6d-448f-816e-d6b2fd2407c2}</UniqueIdentifier>
    </Filter>
    <Filter Include="Shaders">
      <UniqueIdentifier>{746dd846-16aa-4fff-8785-53b95988daf7}</UniqueIdentifier>
    </Filter>
    <Filter Include="RenderResources">
      <UniqueIdentifier>{483d3ffd-7685-4474-9db9-7d676ad550ab}</UniqueIdentifier>
    </Filter>
    <Filter Include="Actors/Objects\ModelLoader">
      <UniqueIdentifier>{3d03dbc6-ab60-4e93-9a7b-b360d88a5646}</UniqueIdentifier>
    </Filter>
    <Filter Include="Actors/Objects\Lights">
      <UniqueIdentifier>{4d30c57f-e3a6-4feb-b52d-988b9c0fcfb0}</UniqueIdentifier>
    </Filter>
    <Filter Include="Actors/Objects\Predefined Objects">
      <UniqueIdentifier>{a9dc2c30-1018-4901-8f0f-92645024297c}</UniqueIdentifier>
    </Filter>
    <Filter Include="RenderResources\RenderTechniques">
      <UniqueIdentifier>{52cae08a-e72c-4ff7-bee3-b963c23d4159}</UniqueIdentifier>
    </Filter>
    <Filter Include="Shaders\RenderingPass">
      <UniqueIdentifier>{b20d020a-4d69-49ac-b139-54910cad63e0}</UniqueIdentifier>
    </Filter>
    <Filter Include="Shaders\PostProcesses">
      <UniqueIdentifier>{c796fd14-fe86-4d5a-bf86-4f8f247f0cb0}</UniqueIdentifier>
    </Filter>
    <Filter Include="RenderResources\ShaderManagement">
      <UniqueIdentifier>{0ffce19a-cce5-456e-80a7-5455e8e62781}</UniqueIdentifier>
    </Filter>
    <Filter Include="Actors/Objects\Bounding Box">
      <UniqueIdentifier>{1400cdea-b3aa-491e-94e3-dad55816c4ac}</UniqueIdentifier>
    </Filter>
    <Filter Include="Viewer">
      <UniqueIdentifier>{eb185e72-9c28-4860-bdd1-16e506ee8c56}</UniqueIdentifier>
    </Filter>
  </ItemGroup>
</Project>