<?xml version="1.0" encoding="utf-8"?>
<Project ToolsVersion="4.0" xmlns="http://schemas.microsoft.com/developer/msbuild/2003">
  <ItemGroup>
    <Filter Include="Source Files">
      <UniqueIdentifier>{4FC737F1-C7A5-4376-A066-2A32D752A2FF}</UniqueIdentifier>
      <Extensions>cpp;c;cc;cxx;def;odl;idl;hpj;bat;asm;asmx</Extensions>
    </Filter>
    <Filter Include="Header Files">
      <UniqueIdentifier>{93995380-89BD-4b04-88EB-625FBE52EBFB}</UniqueIdentifier>
      <Extensions>h;hh;hpp;hxx;hm;inl;inc;xsd</Extensions>
    </Filter>
    <Filter Include="Resource Files">
      <UniqueIdentifier>{67DA6AB6-F800-4c08-8B7A-83BB121AAD01}</UniqueIdentifier>
      <Extensions>rc;ico;cur;bmp;dlg;rc2;rct;bin;rgs;gif;jpg;jpeg;jpe;resx;tiff;tif;png;wav;mfcribbon-ms</Extensions>
    </Filter>
    <Filter Include="Header Files\Shaders">
      <UniqueIdentifier>{91c88a62-b71a-43a5-9e24-d9fa4948771e}</UniqueIdentifier>
    </Filter>
    <Filter Include="Source Files\Shaders">
      <UniqueIdentifier>{902fbcd1-d555-43ff-bd92-7537f38999f7}</UniqueIdentifier>
    </Filter>
    <Filter Include="Header Files\Actors">
      <UniqueIdentifier>{dad9c43c-a778-4a21-b284-1184d23bacc9}</UniqueIdentifier>
    </Filter>
    <Filter Include="Source Files\Actors">
      <UniqueIdentifier>{871a43bf-a3c6-448c-bc7e-f8164d18d8cb}</UniqueIdentifier>
    </Filter>
    <Filter Include="Header Files\Rendering Techniques">
      <UniqueIdentifier>{67ee9a47-d884-4869-88ec-3656c07f6794}</UniqueIdentifier>
    </Filter>
    <Filter Include="Source Files\Rendering Techniques">
      <UniqueIdentifier>{60d2dbea-ce37-40f0-9f57-774ba727c295}</UniqueIdentifier>
    </Filter>
    <Filter Include="Header Files\Scenes &amp; Levels">
      <UniqueIdentifier>{d12ffe47-66f3-4831-80a7-9754b8da2f03}</UniqueIdentifier>
    </Filter>
    <Filter Include="Resource Files\Shaders">
      <UniqueIdentifier>{3124fca4-b30a-48e7-98cb-ccde4ccce461}</UniqueIdentifier>
    </Filter>
    <Filter Include="Source Files\Scenes &amp; Levels">
      <UniqueIdentifier>{052c94bc-40f2-4848-a826-2cb3f3dd95bf}</UniqueIdentifier>
    </Filter>
  </ItemGroup>
  <ItemGroup>
    <ClCompile Include="Main.cpp">
      <Filter>Source Files</Filter>
    </ClCompile>
    <ClCompile Include="Viewer.cpp">
      <Filter>Source Files</Filter>
    </ClCompile>
    <ClCompile Include="Camera.cpp">
      <Filter>Source Files</Filter>
    </ClCompile>
    <ClCompile Include="ShaderProgram.cpp">
      <Filter>Source Files\Shaders</Filter>
    </ClCompile>
    <ClCompile Include="Object.cpp">
      <Filter>Source Files\Actors</Filter>
    </ClCompile>
    <ClCompile Include="Sphere.cpp">
      <Filter>Source Files\Actors</Filter>
    </ClCompile>
    <ClCompile Include="Light.cpp">
      <Filter>Source Files\Actors</Filter>
    </ClCompile>
    <ClCompile Include="Actor.cpp">
      <Filter>Source Files\Actors</Filter>
    </ClCompile>
    <ClCompile Include="Types.glsl">
      <Filter>Resource Files\Shaders</Filter>
    </ClCompile>
    <ClCompile Include="DefaultTestLevel.cpp">
      <Filter>Source Files\Scenes &amp; Levels</Filter>
    </ClCompile>
    <ClCompile Include="SSSSTestLevel.cpp">
      <Filter>Source Files\Scenes &amp; Levels</Filter>
    </ClCompile>
    <ClCompile Include="Scene.cpp">
      <Filter>Source Files\Scenes &amp; Levels</Filter>
    </ClCompile>
  </ItemGroup>
  <ItemGroup>
    <ClInclude Include="Camera.h">
      <Filter>Header Files</Filter>
    </ClInclude>
    <ClInclude Include="Viewer.h">
      <Filter>Header Files</Filter>
    </ClInclude>
    <ClInclude Include="ShaderProgram.h">
      <Filter>Header Files\Shaders</Filter>
    </ClInclude>
    <ClInclude Include="Object.h">
      <Filter>Header Files\Actors</Filter>
    </ClInclude>
    <ClInclude Include="Sphere.h">
      <Filter>Header Files\Actors</Filter>
    </ClInclude>
    <ClInclude Include="Actor.h">
      <Filter>Header Files\Actors</Filter>
    </ClInclude>
    <ClInclude Include="Light.h">
      <Filter>Header Files\Actors</Filter>
    </ClInclude>
    <ClInclude Include="Material.h">
      <Filter>Header Files\Actors</Filter>
    </ClInclude>
    <ClInclude Include="SeparableSSS.h">
      <Filter>Header Files\Rendering Techniques</Filter>
    </ClInclude>
    <ClInclude Include="Scene.h">
      <Filter>Header Files\Scenes &amp; Levels</Filter>
    </ClInclude>
    <ClInclude Include="DefaultTestLevel.h">
      <Filter>Header Files\Scenes &amp; Levels</Filter>
    </ClInclude>
    <ClInclude Include="SSSSTestLevel.h">
      <Filter>Header Files\Scenes &amp; Levels</Filter>
    </ClInclude>
  </ItemGroup>
  <ItemGroup>
    <None Include="SSS.fg">
      <Filter>Resource Files\Shaders</Filter>
    </None>
    <None Include="SSS.vs">
      <Filter>Resource Files\Shaders</Filter>
    </None>
    <None Include="BlinnPhong.fg">
      <Filter>Resource Files\Shaders</Filter>
    </None>
    <None Include="BlinnPhong.vs">
      <Filter>Resource Files\Shaders</Filter>
    </None>
  </ItemGroup>
</Project>